
Microsoft Visual Studio Solution File, Format Version 9.00
# Visual Studio 2005
Project("{8BC9CEB8-8B4A-11D0-8D11-00A0C91BC942}") = "Sample", "Sample.vcproj", "{B377F76A-2542-458E-9BF0-2B8308E5826A}"
EndProject
Global
	GlobalSection(SolutionConfigurationPlatforms) = preSolution
		Debug|Win32 = Debug|Win32
		Release|Win32 = Release|Win32
	EndGlobalSection
	GlobalSection(ProjectConfigurationPlatforms) = postSolution
		{B377F76A-2542-458E-9BF0-2B8308E5826A}.Debug|Win32.ActiveCfg = Debug|Win32
		{B377F76A-2542-458E-9BF0-2B8308E5826A}.Debug|Win32.Build.0 = Debug|Win32
		{B377F76A-2542-458E-9BF0-2B8308E5826A}.Release|Win32.ActiveCfg = Release|Win32
		{B377F76A-2542-458E-9BF0-2B8308E5826A}.Release|Win32.Build.0 = Release|Win32
	EndGlobalSection
	GlobalSection(SolutionProperties) = preSolution
		HideSolutionNode = FALSE
	EndGlobalSection
EndGlobal
